
Microsoft Visual Studio Solution File, Format Version 12.00
# Visual Studio 2013
VisualStudioVersion = 12.0.30501.0
MinimumVisualStudioVersion = 10.0.40219.1
Project("{2150E333-8FDC-42A3-9474-1A3956D46DE8}") = "Setup", "Setup", "{8916B6FC-6489-4D91-8084-FDB3D6B63975}"
EndProject
Project("{2150E333-8FDC-42A3-9474-1A3956D46DE8}") = "Source", "Source", "{34DCF09C-2942-4CC4-8DB2-52C7B2B76A8D}"
EndProject
Project("{FAE04EC0-301F-11D3-BF4B-00C04F79EFBC}") = "FileManagerLibrary", "FileManagerLibrary\FileManagerLibrary.csproj", "{B24D9F62-A2F6-42C0-92D8-60D731392A7B}"
EndProject
Project("{FAE04EC0-301F-11D3-BF4B-00C04F79EFBC}") = "FileManagerService", "FileManagerService\FileManagerService.csproj", "{4BD70B24-3072-41A1-9366-A3ECAF658C11}"
EndProject
Project("{FAE04EC0-301F-11D3-BF4B-00C04F79EFBC}") = "FileManagerTool", "FileManagerTool\FileManagerTool.csproj", "{805AC498-4F1B-4FC3-B0D1-92B6D9325A0C}"
EndProject
Project("{FAE04EC0-301F-11D3-BF4B-00C04F79EFBC}") = "Logging", "Logging\Logging.csproj", "{9EB99911-51D5-4FF4-BD4B-F319D7E92F57}"
EndProject
Project("{FAE04EC0-301F-11D3-BF4B-00C04F79EFBC}") = "TestApp", "TestApp\TestApp.csproj", "{1D68892C-3240-446F-8851-A3B465A4CDF4}"
EndProject
Project("{6141683F-8A12-4E36-9623-2EB02B2C2303}") = "FileManagerToolSetup", "FileManagerToolSetup\FileManagerToolSetup.isproj", "{D182500C-0CAA-459D-8CB5-4BB858F5EB2E}"
EndProject
Project("{FAE04EC0-301F-11D3-BF4B-00C04F79EFBC}") = "FileManagerBase", "FileManagerBase\FileManagerBase.csproj", "{43E8668A-6C2C-4748-A3A3-910A0D743245}"
EndProject
Global
	GlobalSection(SolutionConfigurationPlatforms) = preSolution
		CD_ROM|Any CPU = CD_ROM|Any CPU
		Debug|Any CPU = Debug|Any CPU
		DVD-5|Any CPU = DVD-5|Any CPU
		Release|Any CPU = Release|Any CPU
		SingleImage|Any CPU = SingleImage|Any CPU
	EndGlobalSection
	GlobalSection(ProjectConfigurationPlatforms) = postSolution
		{B24D9F62-A2F6-42C0-92D8-60D731392A7B}.CD_ROM|Any CPU.ActiveCfg = Release|Any CPU
		{B24D9F62-A2F6-42C0-92D8-60D731392A7B}.CD_ROM|Any CPU.Build.0 = Release|Any CPU
		{B24D9F62-A2F6-42C0-92D8-60D731392A7B}.Debug|Any CPU.ActiveCfg = Debug|Any CPU
		{B24D9F62-A2F6-42C0-92D8-60D731392A7B}.Debug|Any CPU.Build.0 = Debug|Any CPU
		{B24D9F62-A2F6-42C0-92D8-60D731392A7B}.DVD-5|Any CPU.ActiveCfg = Debug|Any CPU
		{B24D9F62-A2F6-42C0-92D8-60D731392A7B}.DVD-5|Any CPU.Build.0 = Debug|Any CPU
		{B24D9F62-A2F6-42C0-92D8-60D731392A7B}.Release|Any CPU.ActiveCfg = Release|Any CPU
		{B24D9F62-A2F6-42C0-92D8-60D731392A7B}.Release|Any CPU.Build.0 = Release|Any CPU
		{B24D9F62-A2F6-42C0-92D8-60D731392A7B}.SingleImage|Any CPU.ActiveCfg = Release|Any CPU
		{B24D9F62-A2F6-42C0-92D8-60D731392A7B}.SingleImage|Any CPU.Build.0 = Release|Any CPU
		{4BD70B24-3072-41A1-9366-A3ECAF658C11}.CD_ROM|Any CPU.ActiveCfg = Release|Any CPU
		{4BD70B24-3072-41A1-9366-A3ECAF658C11}.CD_ROM|Any CPU.Build.0 = Release|Any CPU
		{4BD70B24-3072-41A1-9366-A3ECAF658C11}.Debug|Any CPU.ActiveCfg = Debug|Any CPU
		{4BD70B24-3072-41A1-9366-A3ECAF658C11}.Debug|Any CPU.Build.0 = Debug|Any CPU
		{4BD70B24-3072-41A1-9366-A3ECAF658C11}.DVD-5|Any CPU.ActiveCfg = Debug|Any CPU
		{4BD70B24-3072-41A1-9366-A3ECAF658C11}.DVD-5|Any CPU.Build.0 = Debug|Any CPU
		{4BD70B24-3072-41A1-9366-A3ECAF658C11}.Release|Any CPU.ActiveCfg = Release|Any CPU
		{4BD70B24-3072-41A1-9366-A3ECAF658C11}.Release|Any CPU.Build.0 = Release|Any CPU
		{4BD70B24-3072-41A1-9366-A3ECAF658C11}.SingleImage|Any CPU.ActiveCfg = Release|Any CPU
		{4BD70B24-3072-41A1-9366-A3ECAF658C11}.SingleImage|Any CPU.Build.0 = Release|Any CPU
		{805AC498-4F1B-4FC3-B0D1-92B6D9325A0C}.CD_ROM|Any CPU.ActiveCfg = Release|Any CPU
		{805AC498-4F1B-4FC3-B0D1-92B6D9325A0C}.CD_ROM|Any CPU.Build.0 = Release|Any CPU
		{805AC498-4F1B-4FC3-B0D1-92B6D9325A0C}.Debug|Any CPU.ActiveCfg = Debug|Any CPU
		{805AC498-4F1B-4FC3-B0D1-92B6D9325A0C}.Debug|Any CPU.Build.0 = Debug|Any CPU
		{805AC498-4F1B-4FC3-B0D1-92B6D9325A0C}.DVD-5|Any CPU.ActiveCfg = Debug|Any CPU
		{805AC498-4F1B-4FC3-B0D1-92B6D9325A0C}.DVD-5|Any CPU.Build.0 = Debug|Any CPU
		{805AC498-4F1B-4FC3-B0D1-92B6D9325A0C}.Release|Any CPU.ActiveCfg = Release|Any CPU
		{805AC498-4F1B-4FC3-B0D1-92B6D9325A0C}.Release|Any CPU.Build.0 = Release|Any CPU
		{805AC498-4F1B-4FC3-B0D1-92B6D9325A0C}.SingleImage|Any CPU.ActiveCfg = Release|Any CPU
		{805AC498-4F1B-4FC3-B0D1-92B6D9325A0C}.SingleImage|Any CPU.Build.0 = Release|Any CPU
		{9EB99911-51D5-4FF4-BD4B-F319D7E92F57}.CD_ROM|Any CPU.ActiveCfg = Release|Any CPU
		{9EB99911-51D5-4FF4-BD4B-F319D7E92F57}.CD_ROM|Any CPU.Build.0 = Release|Any CPU
		{9EB99911-51D5-4FF4-BD4B-F319D7E92F57}.Debug|Any CPU.ActiveCfg = Debug|Any CPU
		{9EB99911-51D5-4FF4-BD4B-F319D7E92F57}.Debug|Any CPU.Build.0 = Debug|Any CPU
		{9EB99911-51D5-4FF4-BD4B-F319D7E92F57}.DVD-5|Any CPU.ActiveCfg = Debug|Any CPU
		{9EB99911-51D5-4FF4-BD4B-F319D7E92F57}.DVD-5|Any CPU.Build.0 = Debug|Any CPU
		{9EB99911-51D5-4FF4-BD4B-F319D7E92F57}.Release|Any CPU.ActiveCfg = Release|Any CPU
		{9EB99911-51D5-4FF4-BD4B-F319D7E92F57}.Release|Any CPU.Build.0 = Release|Any CPU
		{9EB99911-51D5-4FF4-BD4B-F319D7E92F57}.SingleImage|Any CPU.ActiveCfg = Release|Any CPU
		{9EB99911-51D5-4FF4-BD4B-F319D7E92F57}.SingleImage|Any CPU.Build.0 = Release|Any CPU
		{1D68892C-3240-446F-8851-A3B465A4CDF4}.CD_ROM|Any CPU.ActiveCfg = Release|Any CPU
		{1D68892C-3240-446F-8851-A3B465A4CDF4}.CD_ROM|Any CPU.Build.0 = Release|Any CPU
		{1D68892C-3240-446F-8851-A3B465A4CDF4}.Debug|Any CPU.ActiveCfg = Debug|Any CPU
		{1D68892C-3240-446F-8851-A3B465A4CDF4}.Debug|Any CPU.Build.0 = Debug|Any CPU
		{1D68892C-3240-446F-8851-A3B465A4CDF4}.DVD-5|Any CPU.ActiveCfg = Debug|Any CPU
		{1D68892C-3240-446F-8851-A3B465A4CDF4}.DVD-5|Any CPU.Build.0 = Debug|Any CPU
		{1D68892C-3240-446F-8851-A3B465A4CDF4}.Release|Any CPU.ActiveCfg = Release|Any CPU
		{1D68892C-3240-446F-8851-A3B465A4CDF4}.Release|Any CPU.Build.0 = Release|Any CPU
		{1D68892C-3240-446F-8851-A3B465A4CDF4}.SingleImage|Any CPU.ActiveCfg = Release|Any CPU
		{1D68892C-3240-446F-8851-A3B465A4CDF4}.SingleImage|Any CPU.Build.0 = Release|Any CPU
		{D182500C-0CAA-459D-8CB5-4BB858F5EB2E}.CD_ROM|Any CPU.ActiveCfg = CD_ROM
		{D182500C-0CAA-459D-8CB5-4BB858F5EB2E}.CD_ROM|Any CPU.Build.0 = CD_ROM
		{D182500C-0CAA-459D-8CB5-4BB858F5EB2E}.Debug|Any CPU.ActiveCfg = DVD-5
		{D182500C-0CAA-459D-8CB5-4BB858F5EB2E}.Debug|Any CPU.Build.0 = DVD-5
		{D182500C-0CAA-459D-8CB5-4BB858F5EB2E}.DVD-5|Any CPU.ActiveCfg = DVD-5
		{D182500C-0CAA-459D-8CB5-4BB858F5EB2E}.DVD-5|Any CPU.Build.0 = DVD-5
		{D182500C-0CAA-459D-8CB5-4BB858F5EB2E}.Release|Any CPU.ActiveCfg = SingleImage
		{D182500C-0CAA-459D-8CB5-4BB858F5EB2E}.Release|Any CPU.Build.0 = SingleImage
		{D182500C-0CAA-459D-8CB5-4BB858F5EB2E}.SingleImage|Any CPU.ActiveCfg = SingleImage
		{D182500C-0CAA-459D-8CB5-4BB858F5EB2E}.SingleImage|Any CPU.Build.0 = SingleImage
		{43E8668A-6C2C-4748-A3A3-910A0D743245}.CD_ROM|Any CPU.ActiveCfg = Release|Any CPU
		{43E8668A-6C2C-4748-A3A3-910A0D743245}.CD_ROM|Any CPU.Build.0 = Release|Any CPU
		{43E8668A-6C2C-4748-A3A3-910A0D743245}.Debug|Any CPU.ActiveCfg = Debug|Any CPU
		{43E8668A-6C2C-4748-A3A3-910A0D743245}.Debug|Any CPU.Build.0 = Debug|Any CPU
		{43E8668A-6C2C-4748-A3A3-910A0D743245}.DVD-5|Any CPU.ActiveCfg = Debug|Any CPU
		{43E8668A-6C2C-4748-A3A3-910A0D743245}.DVD-5|Any CPU.Build.0 = Debug|Any CPU
		{43E8668A-6C2C-4748-A3A3-910A0D743245}.Release|Any CPU.ActiveCfg = Release|Any CPU
		{43E8668A-6C2C-4748-A3A3-910A0D743245}.Release|Any CPU.Build.0 = Release|Any CPU
		{43E8668A-6C2C-4748-A3A3-910A0D743245}.SingleImage|Any CPU.ActiveCfg = Release|Any CPU
		{43E8668A-6C2C-4748-A3A3-910A0D743245}.SingleImage|Any CPU.Build.0 = Release|Any CPU
	EndGlobalSection
	GlobalSection(SolutionProperties) = preSolution
		HideSolutionNode = FALSE
	EndGlobalSection
	GlobalSection(NestedProjects) = preSolution
		{B24D9F62-A2F6-42C0-92D8-60D731392A7B} = {34DCF09C-2942-4CC4-8DB2-52C7B2B76A8D}
		{4BD70B24-3072-41A1-9366-A3ECAF658C11} = {34DCF09C-2942-4CC4-8DB2-52C7B2B76A8D}
		{805AC498-4F1B-4FC3-B0D1-92B6D9325A0C} = {34DCF09C-2942-4CC4-8DB2-52C7B2B76A8D}
		{9EB99911-51D5-4FF4-BD4B-F319D7E92F57} = {34DCF09C-2942-4CC4-8DB2-52C7B2B76A8D}
		{1D68892C-3240-446F-8851-A3B465A4CDF4} = {34DCF09C-2942-4CC4-8DB2-52C7B2B76A8D}
		{D182500C-0CAA-459D-8CB5-4BB858F5EB2E} = {8916B6FC-6489-4D91-8084-FDB3D6B63975}
		{43E8668A-6C2C-4748-A3A3-910A0D743245} = {34DCF09C-2942-4CC4-8DB2-52C7B2B76A8D}
	EndGlobalSection
EndGlobal
